{
  "nodes": {
    "nixos-hardware": {
      "locked": {
        "lastModified": 1754564048,
        "narHash": "sha256-dz303vGuzWjzOPOaYkS9xSW+B93PSAJxvBd6CambXVA=",
        "owner": "NixOS",
        "repo": "nixos-hardware",
        "rev": "26ed7a0d4b8741fe1ef1ee6fa64453ca056ce113",
        "type": "github"
      },
      "original": {
        "owner": "NixOS",
        "ref": "master",
        "repo": "nixos-hardware",
        "type": "github"
      }
    },
    "nixpkgs": {
      "locked": {
        "lastModified": 1754767907,
        "narHash": "sha256-8OnUzRQZkqtUol9vuUuQC30hzpMreKptNyET2T9lB6g=",
        "owner": "NixOS",
        "repo": "nixpkgs",
        "rev": "c5f08b62ed75415439d48152c2a784e36909b1bc",
        "type": "github"
      },
      "original": {
        "id": "nixpkgs",
        "ref": "nixos-25.05",
        "type": "indirect"
      }
    },
    "root": {
      "inputs": {
        "nixos-hardware": "nixos-hardware",
        "nixpkgs": "nixpkgs",
        "sops-nix": "sops-nix",
        "unstable": "unstable"
      }
    },
    "sops-nix": {
      "inputs": {
        "nixpkgs": [
          "nixpkgs"
        ]
      },
      "locked": {
        "lastModified": 1754328224,
        "narHash": "sha256-glPK8DF329/dXtosV7YSzRlF4n35WDjaVwdOMEoEXHA=",
        "owner": "Mic92",
        "repo": "sops-nix",
        "rev": "49021900e69812ba7ddb9e40f9170218a7eca9f4",
        "type": "github"
      },
      "original": {
        "owner": "Mic92",
        "repo": "sops-nix",
        "type": "github"
      }
    },
    "unstable": {
      "locked": {
        "lastModified": 1754725699,
        "narHash": "sha256-iAcj9T/Y+3DBy2J0N+yF9XQQQ8IEb5swLFzs23CdP88=",
        "owner": "NixOS",
        "repo": "nixpkgs",
        "rev": "85dbfc7aaf52ecb755f87e577ddbe6dbbdbc1054",
        "type": "github"
      },
      "original": {
        "id": "nixpkgs",
        "ref": "nixos-unstable",
        "type": "indirect"
      }
    }
  },
  "root": "root",
  "version": 7
}
