{
  "nodes": {
    "nixos-hardware": {
      "locked": {
        "lastModified": 1742217307,
        "narHash": "sha256-3fwpN7KN226ghLlpO9TR0/WpgQOmOj1e8bieUxpIYSk=",
        "owner": "NixOS",
        "repo": "nixos-hardware",
        "rev": "4f4d97d7b7be387286cc9c988760a7ebaa5be1f1",
        "type": "github"
      },
      "original": {
        "owner": "NixOS",
        "ref": "master",
        "repo": "nixos-hardware",
        "type": "github"
      }
    },
    "nixpkgs": {
      "locked": {
        "lastModified": 1742136038,
        "narHash": "sha256-DDe16FJk18sadknQKKG/9FbwEro7A57tg9vB5kxZ8kY=",
        "owner": "NixOS",
        "repo": "nixpkgs",
        "rev": "a1185f4064c18a5db37c5c84e5638c78b46e3341",
        "type": "github"
      },
      "original": {
        "id": "nixpkgs",
        "ref": "nixos-24.11",
        "type": "indirect"
      }
    },
    "root": {
      "inputs": {
        "nixos-hardware": "nixos-hardware",
        "nixpkgs": "nixpkgs",
        "sops-nix": "sops-nix",
        "unstable": "unstable"
      }
    },
    "sops-nix": {
      "inputs": {
        "nixpkgs": [
          "nixpkgs"
        ]
      },
      "locked": {
        "lastModified": 1742239755,
        "narHash": "sha256-ptn8dR4Uat3UUadGYNnB7CIH9SQm8mK69D2A/twBUXQ=",
        "owner": "Mic92",
        "repo": "sops-nix",
        "rev": "787afce414bcce803b605c510b60bf43c11f4b55",
        "type": "github"
      },
      "original": {
        "owner": "Mic92",
        "repo": "sops-nix",
        "type": "github"
      }
    },
    "unstable": {
      "locked": {
        "lastModified": 1742069588,
        "narHash": "sha256-C7jVfohcGzdZRF6DO+ybyG/sqpo1h6bZi9T56sxLy+k=",
        "owner": "NixOS",
        "repo": "nixpkgs",
        "rev": "c80f6a7e10b39afcc1894e02ef785b1ad0b0d7e5",
        "type": "github"
      },
      "original": {
        "id": "nixpkgs",
        "ref": "nixos-unstable",
        "type": "indirect"
      }
    }
  },
  "root": "root",
  "version": 7
}
