{
  "nodes": {
    "nixos-hardware": {
      "locked": {
        "lastModified": 1701656485,
        "narHash": "sha256-xDFormrGCKKGqngHa2Bz1GTeKlFMMjLnHhTDRdMJ1hs=",
        "owner": "NixOS",
        "repo": "nixos-hardware",
        "rev": "fa194fc484fd7270ab324bb985593f71102e84d1",
        "type": "github"
      },
      "original": {
        "owner": "NixOS",
        "ref": "master",
        "repo": "nixos-hardware",
        "type": "github"
      }
    },
    "nixpkgs": {
      "locked": {
        "lastModified": 1701539137,
        "narHash": "sha256-nVO/5QYpf1GwjvtpXhyxx5M3U/WN0MwBro4Lsk+9mL0=",
        "owner": "NixOS",
        "repo": "nixpkgs",
        "rev": "933d7dc155096e7575d207be6fb7792bc9f34f6d",
        "type": "github"
      },
      "original": {
        "id": "nixpkgs",
        "ref": "nixos-23.11",
        "type": "indirect"
      }
    },
    "nixpkgs-stable": {
      "locked": {
        "lastModified": 1701568804,
        "narHash": "sha256-iwr1fjOCvlirVL/xNvOTwY9kg3L/F3TC/7yh/QszaPI=",
        "owner": "NixOS",
        "repo": "nixpkgs",
        "rev": "dc01248a9c946953ad4d438b0a626f5c987a93e4",
        "type": "github"
      },
      "original": {
        "owner": "NixOS",
        "ref": "release-23.05",
        "repo": "nixpkgs",
        "type": "github"
      }
    },
    "root": {
      "inputs": {
        "nixos-hardware": "nixos-hardware",
        "nixpkgs": "nixpkgs",
        "sops-nix": "sops-nix"
      }
    },
    "sops-nix": {
      "inputs": {
        "nixpkgs": [
          "nixpkgs"
        ],
        "nixpkgs-stable": "nixpkgs-stable"
      },
      "locked": {
        "lastModified": 1701572436,
        "narHash": "sha256-0anfOQqDend6kSuF8CmOSAZsiAS1nwOsin5VQukh6Q4=",
        "owner": "Mic92",
        "repo": "sops-nix",
        "rev": "8bca48cb9a12bbd8766f359ad00336924e91b7f7",
        "type": "github"
      },
      "original": {
        "owner": "Mic92",
        "repo": "sops-nix",
        "type": "github"
      }
    }
  },
  "root": "root",
  "version": 7
}
