{
  "nodes": {
    "nixpkgs": {
      "locked": {
        "lastModified": 1764677808,
        "narHash": "sha256-H3lC7knbXOBrHI9hITQ7modLuX20mYJVhZORL5ioms0=",
        "owner": "NixOS",
        "repo": "nixpkgs",
        "rev": "1aab89277eb2d87823d5b69bae631a2496cff57a",
        "type": "github"
      },
      "original": {
        "id": "nixpkgs",
        "ref": "nixos-25.11",
        "type": "indirect"
      }
    },
    "nixpkgs_2": {
      "locked": {
        "lastModified": 1764522689,
        "narHash": "sha256-SqUuBFjhl/kpDiVaKLQBoD8TLD+/cTUzzgVFoaHrkqY=",
        "owner": "NixOS",
        "repo": "nixpkgs",
        "rev": "8bb5646e0bed5dbd3ab08c7a7cc15b75ab4e1d0f",
        "type": "github"
      },
      "original": {
        "id": "nixpkgs",
        "ref": "nixos-25.11",
        "type": "indirect"
      }
    },
    "red6": {
      "inputs": {
        "nixpkgs": "nixpkgs_2"
      },
      "locked": {
        "lastModified": 1764838377,
        "narHash": "sha256-CNJRlD/W+eXxuWf55XHzScZpAsE3CFVZUBpq74hXwq0=",
        "ref": "refs/heads/main",
        "rev": "788cf28cd7b9684b34972ade44839e0976eacd28",
        "revCount": 7,
        "type": "git",
        "url": "ssh://git@github.com/red6/nixos-modules"
      },
      "original": {
        "type": "git",
        "url": "ssh://git@github.com/red6/nixos-modules"
      }
    },
    "root": {
      "inputs": {
        "nixpkgs": "nixpkgs",
        "red6": "red6"
      }
    }
  },
  "root": "root",
  "version": 7
}
